
Microsoft Visual Studio Solution File, Format Version 12.00
# Visual Studio Version 16
VisualStudioVersion = 16.0.31702.278
MinimumVisualStudioVersion = 10.0.40219.1
Project("{FAE04EC0-301F-11D3-BF4B-00C04F79EFBC}") = "OLSoftware.Web", "OLSoftware.Web\OLSoftware.Web.csproj", "{EC46C1AF-4793-4700-8399-FEDA2D7F074F}"
EndProject
Project("{FAE04EC0-301F-11D3-BF4B-00C04F79EFBC}") = "OLSoftware.BL", "OLSoftware.BL\OLSoftware.BL.csproj", "{84976FB0-CFDD-4A50-B0D5-34465890990F}"
EndProject
Project("{FAE04EC0-301F-11D3-BF4B-00C04F79EFBC}") = "OLSoftware.API", "OLSoftware.API\OLSoftware.API.csproj", "{58435252-3740-417D-8FDE-A678E1EFA91A}"
EndProject
Global
	GlobalSection(SolutionConfigurationPlatforms) = preSolution
		Debug|Any CPU = Debug|Any CPU
		Release|Any CPU = Release|Any CPU
	EndGlobalSection
	GlobalSection(ProjectConfigurationPlatforms) = postSolution
		{EC46C1AF-4793-4700-8399-FEDA2D7F074F}.Debug|Any CPU.ActiveCfg = Debug|Any CPU
		{EC46C1AF-4793-4700-8399-FEDA2D7F074F}.Debug|Any CPU.Build.0 = Debug|Any CPU
		{EC46C1AF-4793-4700-8399-FEDA2D7F074F}.Release|Any CPU.ActiveCfg = Release|Any CPU
		{EC46C1AF-4793-4700-8399-FEDA2D7F074F}.Release|Any CPU.Build.0 = Release|Any CPU
		{84976FB0-CFDD-4A50-B0D5-34465890990F}.Debug|Any CPU.ActiveCfg = Debug|Any CPU
		{84976FB0-CFDD-4A50-B0D5-34465890990F}.Debug|Any CPU.Build.0 = Debug|Any CPU
		{84976FB0-CFDD-4A50-B0D5-34465890990F}.Release|Any CPU.ActiveCfg = Release|Any CPU
		{84976FB0-CFDD-4A50-B0D5-34465890990F}.Release|Any CPU.Build.0 = Release|Any CPU
		{58435252-3740-417D-8FDE-A678E1EFA91A}.Debug|Any CPU.ActiveCfg = Debug|Any CPU
		{58435252-3740-417D-8FDE-A678E1EFA91A}.Debug|Any CPU.Build.0 = Debug|Any CPU
		{58435252-3740-417D-8FDE-A678E1EFA91A}.Release|Any CPU.ActiveCfg = Release|Any CPU
		{58435252-3740-417D-8FDE-A678E1EFA91A}.Release|Any CPU.Build.0 = Release|Any CPU
	EndGlobalSection
	GlobalSection(SolutionProperties) = preSolution
		HideSolutionNode = FALSE
	EndGlobalSection
	GlobalSection(ExtensibilityGlobals) = postSolution
		SolutionGuid = {A5D3A843-512C-416C-8159-FCEA87B98FFA}
	EndGlobalSection
EndGlobal
